
Microsoft Visual Studio Solution File, Format Version 11.00
# Visual Studio 2010
Project("{FAE04EC0-301F-11D3-BF4B-00C04F79EFBC}") = "Assembly-CSharp", "Assembly-CSharp.csproj", "{022ffe8c-0cbf-0940-4e98-5c17ac6a5e50}"
EndProject
Project("{FAE04EC0-301F-11D3-BF4B-00C04F79EFBC}") = "LeanTransition", "LeanTransition.csproj", "{da25dbd0-b60c-a0df-15a6-ae40cca98c1a}"
EndProject
Project("{FAE04EC0-301F-11D3-BF4B-00C04F79EFBC}") = "UniWebView-CSharp", "UniWebView-CSharp.csproj", "{51cdbad1-0808-ed63-c22b-6862240f955b}"
EndProject
Project("{FAE04EC0-301F-11D3-BF4B-00C04F79EFBC}") = "LeanGUI", "LeanGUI.csproj", "{870d0ee6-c026-df55-b313-eb3c13b5a25a}"
EndProject
Project("{FAE04EC0-301F-11D3-BF4B-00C04F79EFBC}") = "MoreMountains.NiceVibrations.Demos", "MoreMountains.NiceVibrations.Demos.csproj", "{ad3854b0-4711-385a-83a3-4ab57dc74cc8}"
EndProject
Project("{FAE04EC0-301F-11D3-BF4B-00C04F79EFBC}") = "MoreMountains.NiceVibrations", "MoreMountains.NiceVibrations.csproj", "{9baa0825-e990-40c5-ccb6-e666f3adc62d}"
EndProject
Project("{FAE04EC0-301F-11D3-BF4B-00C04F79EFBC}") = "Assembly-CSharp-firstpass", "Assembly-CSharp-firstpass.csproj", "{1e2a2e3c-836c-bab0-75ce-065acd8a652f}"
EndProject
Project("{FAE04EC0-301F-11D3-BF4B-00C04F79EFBC}") = "MoreMountains.NiceVibrations.Haptics", "MoreMountains.NiceVibrations.Haptics.csproj", "{b10d7318-6914-86b1-aa66-3803ddd0fd96}"
EndProject
Project("{FAE04EC0-301F-11D3-BF4B-00C04F79EFBC}") = "LeanCommon", "LeanCommon.csproj", "{ce047cbe-b60f-30e6-b1ed-929d53a864d2}"
EndProject
Project("{FAE04EC0-301F-11D3-BF4B-00C04F79EFBC}") = "Dypsloom.Shared.Utility", "Dypsloom.Shared.Utility.csproj", "{7df24644-6c5e-ee04-8ecc-20fe7fd0fb02}"
EndProject
Project("{FAE04EC0-301F-11D3-BF4B-00C04F79EFBC}") = "CFXRRuntime", "CFXRRuntime.csproj", "{677d727a-5a19-2852-385e-818593cc8f5b}"
EndProject
Project("{FAE04EC0-301F-11D3-BF4B-00C04F79EFBC}") = "CFXRDemo", "CFXRDemo.csproj", "{a7bbb923-9ff1-e60c-e97a-84dce5bce552}"
EndProject
Project("{FAE04EC0-301F-11D3-BF4B-00C04F79EFBC}") = "Assembly-CSharp-Editor", "Assembly-CSharp-Editor.csproj", "{cae1c4d6-77cc-f60f-1aa4-05e6164b99cf}"
EndProject
Project("{FAE04EC0-301F-11D3-BF4B-00C04F79EFBC}") = "UniWebView-CSharp.Editor", "UniWebView-CSharp.Editor.csproj", "{168874df-b636-abcb-ebe3-6baf8a5a4a74}"
EndProject
Project("{FAE04EC0-301F-11D3-BF4B-00C04F79EFBC}") = "MoreMountains.NiceVibrations.Editor", "MoreMountains.NiceVibrations.Editor.csproj", "{6e21b8b7-2459-4a3e-5286-e2d93867a7ca}"
EndProject
Project("{FAE04EC0-301F-11D3-BF4B-00C04F79EFBC}") = "CFXREditor", "CFXREditor.csproj", "{4e59d6b2-1b76-e74b-8477-63ee0173eeed}"
EndProject
Project("{FAE04EC0-301F-11D3-BF4B-00C04F79EFBC}") = "CFXRDemoEditor", "CFXRDemoEditor.csproj", "{b1da5fe4-31fc-d18e-0219-5e8d0ecfe17b}"
EndProject
Global
	GlobalSection(SolutionConfigurationPlatforms) = preSolution
		Debug|Any CPU = Debug|Any CPU
	EndGlobalSection
	GlobalSection(ProjectConfigurationPlatforms) = postSolution
		{022ffe8c-0cbf-0940-4e98-5c17ac6a5e50}.Debug|Any CPU.ActiveCfg = Debug|Any CPU
		{022ffe8c-0cbf-0940-4e98-5c17ac6a5e50}.Debug|Any CPU.Build.0 = Debug|Any CPU
		{da25dbd0-b60c-a0df-15a6-ae40cca98c1a}.Debug|Any CPU.ActiveCfg = Debug|Any CPU
		{da25dbd0-b60c-a0df-15a6-ae40cca98c1a}.Debug|Any CPU.Build.0 = Debug|Any CPU
		{51cdbad1-0808-ed63-c22b-6862240f955b}.Debug|Any CPU.ActiveCfg = Debug|Any CPU
		{51cdbad1-0808-ed63-c22b-6862240f955b}.Debug|Any CPU.Build.0 = Debug|Any CPU
		{870d0ee6-c026-df55-b313-eb3c13b5a25a}.Debug|Any CPU.ActiveCfg = Debug|Any CPU
		{870d0ee6-c026-df55-b313-eb3c13b5a25a}.Debug|Any CPU.Build.0 = Debug|Any CPU
		{ad3854b0-4711-385a-83a3-4ab57dc74cc8}.Debug|Any CPU.ActiveCfg = Debug|Any CPU
		{ad3854b0-4711-385a-83a3-4ab57dc74cc8}.Debug|Any CPU.Build.0 = Debug|Any CPU
		{9baa0825-e990-40c5-ccb6-e666f3adc62d}.Debug|Any CPU.ActiveCfg = Debug|Any CPU
		{9baa0825-e990-40c5-ccb6-e666f3adc62d}.Debug|Any CPU.Build.0 = Debug|Any CPU
		{1e2a2e3c-836c-bab0-75ce-065acd8a652f}.Debug|Any CPU.ActiveCfg = Debug|Any CPU
		{1e2a2e3c-836c-bab0-75ce-065acd8a652f}.Debug|Any CPU.Build.0 = Debug|Any CPU
		{b10d7318-6914-86b1-aa66-3803ddd0fd96}.Debug|Any CPU.ActiveCfg = Debug|Any CPU
		{b10d7318-6914-86b1-aa66-3803ddd0fd96}.Debug|Any CPU.Build.0 = Debug|Any CPU
		{ce047cbe-b60f-30e6-b1ed-929d53a864d2}.Debug|Any CPU.ActiveCfg = Debug|Any CPU
		{ce047cbe-b60f-30e6-b1ed-929d53a864d2}.Debug|Any CPU.Build.0 = Debug|Any CPU
		{7df24644-6c5e-ee04-8ecc-20fe7fd0fb02}.Debug|Any CPU.ActiveCfg = Debug|Any CPU
		{7df24644-6c5e-ee04-8ecc-20fe7fd0fb02}.Debug|Any CPU.Build.0 = Debug|Any CPU
		{677d727a-5a19-2852-385e-818593cc8f5b}.Debug|Any CPU.ActiveCfg = Debug|Any CPU
		{677d727a-5a19-2852-385e-818593cc8f5b}.Debug|Any CPU.Build.0 = Debug|Any CPU
		{a7bbb923-9ff1-e60c-e97a-84dce5bce552}.Debug|Any CPU.ActiveCfg = Debug|Any CPU
		{a7bbb923-9ff1-e60c-e97a-84dce5bce552}.Debug|Any CPU.Build.0 = Debug|Any CPU
		{cae1c4d6-77cc-f60f-1aa4-05e6164b99cf}.Debug|Any CPU.ActiveCfg = Debug|Any CPU
		{cae1c4d6-77cc-f60f-1aa4-05e6164b99cf}.Debug|Any CPU.Build.0 = Debug|Any CPU
		{168874df-b636-abcb-ebe3-6baf8a5a4a74}.Debug|Any CPU.ActiveCfg = Debug|Any CPU
		{168874df-b636-abcb-ebe3-6baf8a5a4a74}.Debug|Any CPU.Build.0 = Debug|Any CPU
		{6e21b8b7-2459-4a3e-5286-e2d93867a7ca}.Debug|Any CPU.ActiveCfg = Debug|Any CPU
		{6e21b8b7-2459-4a3e-5286-e2d93867a7ca}.Debug|Any CPU.Build.0 = Debug|Any CPU
		{4e59d6b2-1b76-e74b-8477-63ee0173eeed}.Debug|Any CPU.ActiveCfg = Debug|Any CPU
		{4e59d6b2-1b76-e74b-8477-63ee0173eeed}.Debug|Any CPU.Build.0 = Debug|Any CPU
		{b1da5fe4-31fc-d18e-0219-5e8d0ecfe17b}.Debug|Any CPU.ActiveCfg = Debug|Any CPU
		{b1da5fe4-31fc-d18e-0219-5e8d0ecfe17b}.Debug|Any CPU.Build.0 = Debug|Any CPU
	EndGlobalSection
	GlobalSection(SolutionProperties) = preSolution
		HideSolutionNode = FALSE
	EndGlobalSection
EndGlobal
